{
  "name": "swig-example-cjs-mjs",
  "version": "1.0.0",
  "lockfileVersion": 3,
  "requires": true,
  "packages": {
    "": {
      "name": "swig-example-cjs-mjs",
      "version": "1.0.0",
      "license": "MIT",
      "devDependencies": {
        "swig-cli": "file:../../packed/swig-cli-0.0.15.tgz"
      }
    },
    "node_modules/swig-cli": {
      "version": "0.0.15",
      "resolved": "file:../../packed/swig-cli-0.0.15.tgz",
      "integrity": "sha512-W0geInuggZdYK5b2DPtvju8Bx5EcedNtCSy2euPB9xKIQ+79E8AM0KqpQ86q2H0IXGfk0kLs6mdw3q9csiP65Q==",
      "dev": true,
      "license": "MIT",
      "bin": {
        "swig": "dist/esm/SwigStartupWrapper.js"
      }
    }
  }
}
