lockfileVersion: '9.0'

settings:
  autoInstallPeers: true
  excludeLinksFromLockfile: false

importers:

  .:
    devDependencies:
      swig-cli:
        specifier: file:..\..\packed\swig-cli-1.0.4.tgz
        version: file:../../packed/swig-cli-1.0.4.tgz

packages:

  swig-cli@file:../../packed/swig-cli-1.0.4.tgz:
    resolution: {integrity: sha512-7xFMMdvWbOg21NoGVyf4tciYhLnjBrlimCXL0aBsE0pYkDZ7XsbduA0dpI++OPaYcFGc9BwxDRZ+jN6AtTjwDQ==, tarball: file:../../packed/swig-cli-1.0.4.tgz}
    version: 1.0.4
    hasBin: true

snapshots:

  swig-cli@file:../../packed/swig-cli-1.0.4.tgz: {}
