lockfileVersion: '9.0'

settings:
  autoInstallPeers: true
  excludeLinksFromLockfile: false

importers:

  .:
    devDependencies:
      swig-cli:
        specifier: file:..\..\packed\swig-cli-1.0.2.tgz
        version: file:../../packed/swig-cli-1.0.2.tgz

packages:

  swig-cli@file:../../packed/swig-cli-1.0.2.tgz:
    resolution: {integrity: sha512-56aGiac4u2p1GrQoGBZmX/ZmR+42xONbxcEBK6a7TUrkAQDeRne8BnBMtrgE0nbM40Nqg47XcWaKISLmyUoTZw==, tarball: file:../../packed/swig-cli-1.0.2.tgz}
    version: 1.0.2
    hasBin: true

snapshots:

  swig-cli@file:../../packed/swig-cli-1.0.2.tgz: {}
