{
  "name": "no-ts-node",
  "version": "1.0.0",
  "lockfileVersion": 3,
  "requires": true,
  "packages": {
    "": {
      "name": "no-ts-node",
      "version": "1.0.0",
      "license": "ISC",
      "devDependencies": {
        "swig-cli": "^0.0.11"
      }
    },
    "node_modules/swig-cli": {
      "version": "0.0.11",
      "resolved": "https://registry.npmjs.org/swig-cli/-/swig-cli-0.0.11.tgz",
      "integrity": "sha512-tX+HtSvqCclgJCJu5dQjWxQ55cb0r2GRAmoReAyYcWp7F7px7NugxOBH5QHbxh6sJwQ83gIiG0byA95DhtvAEw==",
      "dev": true,
      "bin": {
        "swig": "dist/esm/SwigStartupWrapper.js"
      }
    }
  }
}
