{
  "name": "swig-example-commonjs",
  "version": "1.0.0",
  "lockfileVersion": 3,
  "requires": true,
  "packages": {
    "": {
      "name": "swig-example-commonjs",
      "version": "1.0.0",
      "license": "MIT",
      "devDependencies": {
        "swig-cli": "^0.0.1"
      }
    },
    "node_modules/swig-cli": {
      "version": "0.0.1",
      "resolved": "https://registry.npmjs.org/swig-cli/-/swig-cli-0.0.1.tgz",
      "integrity": "sha512-8QlkEUnu1B5xCLfrc4EsxZY6m91cBeatgfY+ZZHvceFEOEqs5nqGxi9AZmV10poR9g1K68RpLxTQrjBrolnHDA==",
      "dev": true,
      "bin": {
        "swig": "dist/esm/swig-cli.js",
        "swig-cjs": "dist/cjs/swig-cli.cjs"
      }
    }
  }
}
