{
  "name": "swig-example-commonjs",
  "version": "1.0.0",
  "lockfileVersion": 3,
  "requires": true,
  "packages": {
    "": {
      "name": "swig-example-commonjs",
      "version": "1.0.0",
      "license": "MIT",
      "devDependencies": {
        "swig-cli": "file:../../packed/swig-cli-0.0.9.tgz"
      }
    },
    "node_modules/swig-cli": {
      "version": "0.0.9",
      "resolved": "file:../../packed/swig-cli-0.0.9.tgz",
      "integrity": "sha512-+3lNQQjZVavfK/RSyidGtjQGUKdwIFc8kxK4Mg01XtCjXCkyRHOx1hf0YoSEu2d+GrkxOLHxHiqKWQ1XD39bHg==",
      "dev": true,
      "license": "MIT",
      "bin": {
        "swig": "dist/esm/SwigStartupWrapper.js"
      }
    }
  }
}
