{
  "name": "swig-example-cjs",
  "version": "1.0.0",
  "lockfileVersion": 3,
  "requires": true,
  "packages": {
    "": {
      "name": "swig-example-cjs",
      "version": "1.0.0",
      "license": "MIT",
      "devDependencies": {
        "swig-cli": "file:../../packed/swig-cli-0.0.14.tgz"
      }
    },
    "node_modules/swig-cli": {
      "version": "0.0.14",
      "resolved": "file:../../packed/swig-cli-0.0.14.tgz",
      "integrity": "sha512-imu38gR2fgDrtmKsVd4oKtDOh6nFhuX8iTNHDfsoPTR9tftwTrHsB39jzeDVHipi2mWMpBwOQ2QKWkxsaEb/Rw==",
      "dev": true,
      "license": "MIT",
      "bin": {
        "swig": "dist/esm/SwigStartupWrapper.js"
      }
    }
  }
}
