lockfileVersion: '6.0'

settings:
  autoInstallPeers: true
  excludeLinksFromLockfile: false

devDependencies:
  swig-cli:
    specifier: file:..\..\packed\swig-cli-0.0.17.tgz
    version: file:../../packed/swig-cli-0.0.17.tgz

packages:

  file:../../packed/swig-cli-0.0.17.tgz:
    resolution: {integrity: sha512-77BzF5ZTVG4FEuWMPgwc/qoB0E4x00+rMD5pB4KWIujNu1heCPBG6d5Ba2RPddfgzl/NFrM6Tfn5so0yuGHkvA==, tarball: file:../../packed/swig-cli-0.0.17.tgz}
    name: swig-cli
    version: 0.0.17
    hasBin: true
    dev: true
