{
  "name": "swig-example-esm",
  "version": "1.0.0",
  "lockfileVersion": 3,
  "requires": true,
  "packages": {
    "": {
      "name": "swig-example-esm",
      "version": "1.0.0",
      "license": "MIT",
      "devDependencies": {
        "swig-cli": "file:../../packed/swig-cli-0.0.8.tgz"
      }
    },
    "node_modules/swig-cli": {
      "version": "0.0.8",
      "resolved": "file:../../packed/swig-cli-0.0.8.tgz",
      "integrity": "sha512-33Igo+l8+aZ32ojuTIGKVgC4ixx12SLTom68iV4mf42ZntLsa14ANN73mNvXyWJxGey19lfdKRdMhXH7dNnb2Q==",
      "dev": true,
      "license": "MIT",
      "bin": {
        "swig": "dist/esm/SwigStartupWrapper.js"
      }
    }
  }
}
