{
  "name": "swig-example-esm",
  "version": "1.0.0",
  "lockfileVersion": 3,
  "requires": true,
  "packages": {
    "": {
      "name": "swig-example-esm",
      "version": "1.0.0",
      "license": "MIT",
      "devDependencies": {
        "@mikeyt23/swig": "file:../../packed/mikeyt23-swig-0.0.1-alpha.8.tgz"
      }
    },
    "node_modules/@mikeyt23/swig": {
      "version": "0.0.1-alpha.8",
      "resolved": "file:../../packed/mikeyt23-swig-0.0.1-alpha.8.tgz",
      "integrity": "sha512-0Mn+9mNmnyFcinNmmecDS41qRezfuJ36PHfZUd1UuhDNWlWycLe5RA60pb4VwsaULePBSkd1Py4ZBidzre/oOQ==",
      "dev": true,
      "license": "MIT",
      "bin": {
        "swig": "dist/esm/swig-cli.js",
        "swig-cjs": "dist/cjs/swig-cli.cjs"
      }
    }
  }
}
