{
  "name": "swig-example-esm",
  "version": "1.0.0",
  "lockfileVersion": 3,
  "requires": true,
  "packages": {
    "": {
      "name": "swig-example-esm",
      "version": "1.0.0",
      "license": "MIT",
      "devDependencies": {
        "swig-cli": "file:../../packed/swig-cli-0.0.5.tgz"
      }
    },
    "node_modules/swig-cli": {
      "version": "0.0.5",
      "resolved": "file:../../packed/swig-cli-0.0.5.tgz",
      "integrity": "sha512-kQjlPGgmxeG02L9gSu5x5raD4zAaWCMk1ytdKd2/HzunQleCzjscquwFm4W8uJ9W3rj2/aiDChANPuetIsMwHg==",
      "dev": true,
      "license": "MIT",
      "bin": {
        "swig": "dist/esm/SwigStartupWrapper.js"
      }
    }
  }
}
