{
  "name": "swig-example-commonjs",
  "version": "1.0.0",
  "lockfileVersion": 3,
  "requires": true,
  "packages": {
    "": {
      "name": "swig-example-commonjs",
      "version": "1.0.0",
      "license": "MIT",
      "devDependencies": {
        "swig-cli": "file:../../packed/swig-cli-0.0.4.tgz"
      }
    },
    "node_modules/swig-cli": {
      "version": "0.0.4",
      "resolved": "file:../../packed/swig-cli-0.0.4.tgz",
      "integrity": "sha512-DZB6EejtfMUc0mdKptaCN8+sQKcwSViiCL/jqTknLOS4UoPgE2YW9oMWQDrzna+viYX42JUORVuGAjavwuA4xw==",
      "dev": true,
      "license": "MIT",
      "bin": {
        "swig": "dist/esm/swigCli.js",
        "swig-cjs": "dist/cjs/swigCli.cjs"
      }
    }
  }
}
