{
  "name": "swig-example-commonjs",
  "version": "1.0.0",
  "lockfileVersion": 3,
  "requires": true,
  "packages": {
    "": {
      "name": "swig-example-commonjs",
      "version": "1.0.0",
      "license": "MIT",
      "devDependencies": {
        "swig-cli": "file:../../packed/swig-cli-0.0.11.tgz"
      }
    },
    "node_modules/swig-cli": {
      "version": "0.0.11",
      "resolved": "file:../../packed/swig-cli-0.0.11.tgz",
      "integrity": "sha512-tX+HtSvqCclgJCJu5dQjWxQ55cb0r2GRAmoReAyYcWp7F7px7NugxOBH5QHbxh6sJwQ83gIiG0byA95DhtvAEw==",
      "dev": true,
      "license": "MIT",
      "bin": {
        "swig": "dist/esm/SwigStartupWrapper.js"
      }
    }
  }
}
