{
  "name": "swig-example-commonjs",
  "version": "1.0.0",
  "lockfileVersion": 3,
  "requires": true,
  "packages": {
    "": {
      "name": "swig-example-commonjs",
      "version": "1.0.0",
      "license": "MIT",
      "devDependencies": {
        "swig-cli": "file:../../packed/swig-cli-0.0.12.tgz"
      }
    },
    "node_modules/swig-cli": {
      "version": "0.0.12",
      "resolved": "file:../../packed/swig-cli-0.0.12.tgz",
      "integrity": "sha512-YvqbLr0gjZ/e1sy0x6TKznSWtO7cgsqCIJMlrwADlVLSCjlCVmxJnh2GAY+JSjJgz0b0vZK9kCskw22FT6g5dA==",
      "dev": true,
      "license": "MIT",
      "bin": {
        "swig": "dist/esm/SwigStartupWrapper.js"
      }
    }
  }
}
