{
  "name": "swig-example-esm",
  "version": "1.0.0",
  "lockfileVersion": 3,
  "requires": true,
  "packages": {
    "": {
      "name": "swig-example-esm",
      "version": "1.0.0",
      "license": "MIT",
      "devDependencies": {
        "swig-cli": "file:../../packed/swig-cli-0.0.1.tgz"
      }
    },
    "node_modules/swig-cli": {
      "version": "0.0.1",
      "resolved": "file:../../packed/swig-cli-0.0.1.tgz",
      "integrity": "sha512-YdUcZf+xO+V2rKPhl3FotYM572fFBJ/oSQrIKbdbqozif9wthbb1AvQDlM9K6tsiR7FVFYsXtpuZfDvZU4gKyA==",
      "dev": true,
      "license": "MIT",
      "bin": {
        "swig": "dist/esm/swig-cli.js",
        "swig-cjs": "dist/cjs/swig-cli.cjs"
      }
    }
  }
}
