{
  "name": "swig-example-esm",
  "version": "1.0.0",
  "lockfileVersion": 3,
  "requires": true,
  "packages": {
    "": {
      "name": "swig-example-esm",
      "version": "1.0.0",
      "license": "MIT",
      "devDependencies": {
        "swig-cli": "file:../../packed/swig-cli-0.0.3.tgz"
      }
    },
    "node_modules/swig-cli": {
      "version": "0.0.3",
      "resolved": "file:../../packed/swig-cli-0.0.3.tgz",
      "integrity": "sha512-AT1kLjaMuhXpvZtuvxUt5Xho5NAkPeV0ijQbOHf8zNn5fmSOSlbXKXW/pcyQZpYjDP+WO418D67Fm/gKwvEw/w==",
      "dev": true,
      "license": "MIT",
      "bin": {
        "swig": "dist/esm/swigCli.js",
        "swig-cjs": "dist/cjs/swigCli.cjs"
      }
    }
  }
}
