{
  "name": "swig-example-esm",
  "version": "1.0.0",
  "lockfileVersion": 3,
  "requires": true,
  "packages": {
    "": {
      "name": "swig-example-esm",
      "version": "1.0.0",
      "license": "MIT",
      "devDependencies": {
        "swig-cli": "file:../../packed/swig-cli-0.0.2.tgz"
      }
    },
    "node_modules/swig-cli": {
      "version": "0.0.2",
      "resolved": "file:../../packed/swig-cli-0.0.2.tgz",
      "integrity": "sha512-SBXXmf2Cyu6UxErR3V7iG3Zhx+B0ygpH1iWgYGDCdUoeb3SLZAGZAgn/ulHcOjoG0YCCkWBovYCWdK32QsjZCQ==",
      "dev": true,
      "license": "MIT",
      "bin": {
        "swig": "dist/esm/swig-cli.js",
        "swig-cjs": "dist/cjs/swig-cli.cjs"
      }
    }
  }
}
