lockfileVersion: '6.0'

settings:
  autoInstallPeers: true
  excludeLinksFromLockfile: false

devDependencies:
  swig-cli:
    specifier: file:..\..\packed\swig-cli-1.0.1.tgz
    version: file:../../packed/swig-cli-1.0.1.tgz

packages:

  file:../../packed/swig-cli-1.0.1.tgz:
    resolution: {integrity: sha512-00j7+eXS+IEdYM8OSXcOug11gihUe6TppQvO5wag+WiL7nDRz1hNERzPyVtdqSlYADF6nLuWTEtc3TSCzai+kA==, tarball: file:../../packed/swig-cli-1.0.1.tgz}
    name: swig-cli
    version: 1.0.1
    hasBin: true
    dev: true
