lockfileVersion: '6.0'

settings:
  autoInstallPeers: true
  excludeLinksFromLockfile: false

devDependencies:
  swig-cli:
    specifier: file:..\..\packed\swig-cli-0.0.18-alpha2.tgz
    version: file:../../packed/swig-cli-0.0.18-alpha2.tgz

packages:

  file:../../packed/swig-cli-0.0.18-alpha2.tgz:
    resolution: {integrity: sha512-MdHgirHY7MnElxad8oB4iWjW3vjVOOnDY7VcSwxM26warDjAT+7qTEEHWqG8w2lZklzwEeqtDF0CcecJvN0ZKA==, tarball: file:../../packed/swig-cli-0.0.18-alpha2.tgz}
    name: swig-cli
    version: 0.0.18-alpha2
    hasBin: true
    dev: true
