lockfileVersion: '9.0'

settings:
  autoInstallPeers: true
  excludeLinksFromLockfile: false

importers:

  .:
    devDependencies:
      swig-cli:
        specifier: file:..\..\packed\swig-cli-1.0.5-alpha.6.tgz
        version: file:../../packed/swig-cli-1.0.5-alpha.6.tgz

packages:

  swig-cli@file:../../packed/swig-cli-1.0.5-alpha.6.tgz:
    resolution: {integrity: sha512-mTiWtpSuXIPc4djz/otslkq+44RV+MyPFzfFeK8h2+K6T1saj9lkvyhNWvl9yGbAnbS3zRqijLCgZKB90HabKA==, tarball: file:../../packed/swig-cli-1.0.5-alpha.6.tgz}
    version: 1.0.5-alpha.6
    hasBin: true

snapshots:

  swig-cli@file:../../packed/swig-cli-1.0.5-alpha.6.tgz: {}
